
Microsoft Visual Studio Solution File, Format Version 12.00
# Visual Studio Version 17
VisualStudioVersion = 17.9.34902.65
MinimumVisualStudioVersion = 10.0.40219.1
Project("{FAE04EC0-301F-11D3-BF4B-00C04F79EFBC}") = "FizzBuzz.Host", "FizzBuzz.Host\FizzBuzz.Host.csproj", "{7C17E41D-B4E7-458A-A233-65B226076674}"
EndProject
Global
	GlobalSection(SolutionConfigurationPlatforms) = preSolution
		Debug|Any CPU = Debug|Any CPU
		Release|Any CPU = Release|Any CPU
	EndGlobalSection
	GlobalSection(ProjectConfigurationPlatforms) = postSolution
		{7C17E41D-B4E7-458A-A233-65B226076674}.Debug|Any CPU.ActiveCfg = Debug|Any CPU
		{7C17E41D-B4E7-458A-A233-65B226076674}.Debug|Any CPU.Build.0 = Debug|Any CPU
		{7C17E41D-B4E7-458A-A233-65B226076674}.Release|Any CPU.ActiveCfg = Release|Any CPU
		{7C17E41D-B4E7-458A-A233-65B226076674}.Release|Any CPU.Build.0 = Release|Any CPU
	EndGlobalSection
	GlobalSection(SolutionProperties) = preSolution
		HideSolutionNode = FALSE
	EndGlobalSection
	GlobalSection(ExtensibilityGlobals) = postSolution
		SolutionGuid = {2F2437AC-87E2-4031-8F7F-E7FE96E0A699}
	EndGlobalSection
EndGlobal
